
Microsoft Visual Studio Solution File, Format Version 12.00
# Visual Studio Version 17
VisualStudioVersion = 17.14.36429.23 d17.14
MinimumVisualStudioVersion = 10.0.40219.1
Project("{8BC9CEB8-8B4A-11D0-8D11-00A0C91BC942}") = "test_9_25", "test_9_25\test_9_25.vcxproj", "{07F754A4-ADE1-495E-B550-43EDB7FDC072}"
EndProject
Global
	GlobalSection(SolutionConfigurationPlatforms) = preSolution
		Debug|x64 = Debug|x64
		Debug|x86 = Debug|x86
		Release|x64 = Release|x64
		Release|x86 = Release|x86
	EndGlobalSection
	GlobalSection(ProjectConfigurationPlatforms) = postSolution
		{07F754A4-ADE1-495E-B550-43EDB7FDC072}.Debug|x64.ActiveCfg = Debug|x64
		{07F754A4-ADE1-495E-B550-43EDB7FDC072}.Debug|x64.Build.0 = Debug|x64
		{07F754A4-ADE1-495E-B550-43EDB7FDC072}.Debug|x86.ActiveCfg = Debug|Win32
		{07F754A4-ADE1-495E-B550-43EDB7FDC072}.Debug|x86.Build.0 = Debug|Win32
		{07F754A4-ADE1-495E-B550-43EDB7FDC072}.Release|x64.ActiveCfg = Release|x64
		{07F754A4-ADE1-495E-B550-43EDB7FDC072}.Release|x64.Build.0 = Release|x64
		{07F754A4-ADE1-495E-B550-43EDB7FDC072}.Release|x86.ActiveCfg = Release|Win32
		{07F754A4-ADE1-495E-B550-43EDB7FDC072}.Release|x86.Build.0 = Release|Win32
	EndGlobalSection
	GlobalSection(SolutionProperties) = preSolution
		HideSolutionNode = FALSE
	EndGlobalSection
	GlobalSection(ExtensibilityGlobals) = postSolution
		SolutionGuid = {D151C94A-0689-4CC2-A439-3ADF8F21E516}
	EndGlobalSection
EndGlobal
