
Microsoft Visual Studio Solution File, Format Version 12.00
# Visual Studio Version 17
VisualStudioVersion = 17.14.36518.9 d17.14
MinimumVisualStudioVersion = 10.0.40219.1
Project("{8BC9CEB8-8B4A-11D0-8D11-00A0C91BC942}") = "test_11_7", "test_11_7\test_11_7.vcxproj", "{04C12081-AEFF-4844-A5A9-E15BD61F0874}"
EndProject
Global
	GlobalSection(SolutionConfigurationPlatforms) = preSolution
		Debug|x64 = Debug|x64
		Debug|x86 = Debug|x86
		Release|x64 = Release|x64
		Release|x86 = Release|x86
	EndGlobalSection
	GlobalSection(ProjectConfigurationPlatforms) = postSolution
		{04C12081-AEFF-4844-A5A9-E15BD61F0874}.Debug|x64.ActiveCfg = Debug|x64
		{04C12081-AEFF-4844-A5A9-E15BD61F0874}.Debug|x64.Build.0 = Debug|x64
		{04C12081-AEFF-4844-A5A9-E15BD61F0874}.Debug|x86.ActiveCfg = Debug|Win32
		{04C12081-AEFF-4844-A5A9-E15BD61F0874}.Debug|x86.Build.0 = Debug|Win32
		{04C12081-AEFF-4844-A5A9-E15BD61F0874}.Release|x64.ActiveCfg = Release|x64
		{04C12081-AEFF-4844-A5A9-E15BD61F0874}.Release|x64.Build.0 = Release|x64
		{04C12081-AEFF-4844-A5A9-E15BD61F0874}.Release|x86.ActiveCfg = Release|Win32
		{04C12081-AEFF-4844-A5A9-E15BD61F0874}.Release|x86.Build.0 = Release|Win32
	EndGlobalSection
	GlobalSection(SolutionProperties) = preSolution
		HideSolutionNode = FALSE
	EndGlobalSection
	GlobalSection(ExtensibilityGlobals) = postSolution
		SolutionGuid = {43CC949B-519C-4EC8-80BB-A3AE2228D8D7}
	EndGlobalSection
EndGlobal
